// !$*UTF8*$!
{
	archiveVersion = 1;
	classes = {
	};
	objectVersion = 46;
	objects = {

/* Begin PBXBuildFile section */
		E2E0EE601BBC063900D64695 /* AppDelegate.swift in Sources */ = {isa = PBXBuildFile; fileRef = E2E0EE5F1BBC063900D64695 /* AppDelegate.swift */; };
		E2E0EE621BBC063900D64695 /* ViewController.swift in Sources */ = {isa = PBXBuildFile; fileRef = E2E0EE611BBC063900D64695 /* ViewController.swift */; };
		E2E0EE651BBC063900D64695 /* Main.storyboard in Resources */ = {isa = PBXBuildFile; fileRef = E2E0EE631BBC063900D64695 /* Main.storyboard */; };
		E2E0EE671BBC063900D64695 /* Assets.xcassets in Resources */ = {isa = PBXBuildFile; fileRef = E2E0EE661BBC063900D64695 /* Assets.xcassets */; };
		E2E0EE6A1BBC063900D64695 /* LaunchScreen.storyboard in Resources */ = {isa = PBXBuildFile; fileRef = E2E0EE681BBC063900D64695 /* LaunchScreen.storyboard */; };
		E2E0EE731BBC098900D64695 /* Vea Software.docx in Resources */ = {isa = PBXBuildFile; fileRef = E2E0EE711BBC098900D64695 /* Vea Software.docx */; settings = {ASSET_TAGS = (); }; };
		E2E0EE741BBC098900D64695 /* Vea Software.png in Resources */ = {isa = PBXBuildFile; fileRef = E2E0EE721BBC098900D64695 /* Vea Software.png */; settings = {ASSET_TAGS = (); }; };
/* End PBXBuildFile section */

/* Begin PBXFileReference section */
		E2E0EE5C1BBC063900D64695 /* Swift2.0 - QuickLookPreviewController.app */ = {isa = PBXFileReference; explicitFileType = wrapper.application; includeInIndex = 0; path = "Swift2.0 - QuickLookPreviewController.app"; sourceTree = BUILT_PRODUCTS_DIR; };
		E2E0EE5F1BBC063900D64695 /* AppDelegate.swift */ = {isa = PBXFileReference; lastKnownFileType = sourcecode.swift; path = AppDelegate.swift; sourceTree = "<group>"; };
		E2E0EE611BBC063900D64695 /* ViewController.swift */ = {isa = PBXFileReference; lastKnownFileType = sourcecode.swift; path = ViewController.swift; sourceTree = "<group>"; };
		E2E0EE641BBC063900D64695 /* Base */ = {isa = PBXFileReference; lastKnownFileType = file.storyboard; name = Base; path = Base.lproj/Main.storyboard; sourceTree = "<group>"; };
		E2E0EE661BBC063900D64695 /* Assets.xcassets */ = {isa = PBXFileReference; lastKnownFileType = folder.assetcatalog; path = Assets.xcassets; sourceTree = "<group>"; };
		E2E0EE691BBC063900D64695 /* Base */ = {isa = PBXFileReference; lastKnownFileType = file.storyboard; name = Base; path = Base.lproj/LaunchScreen.storyboard; sourceTree = "<group>"; };
		E2E0EE6B1BBC063900D64695 /* Info.plist */ = {isa = PBXFileReference; lastKnownFileType = text.plist.xml; path = Info.plist; sourceTree = "<group>"; };
		E2E0EE711BBC098900D64695 /* Vea Software.docx */ = {isa = PBXFileReference; lastKnownFileType = file; path = "Vea Software.docx"; sourceTree = "<group>"; };
		E2E0EE721BBC098900D64695 /* Vea Software.png */ = {isa = PBXFileReference; lastKnownFileType = image.png; path = "Vea Software.png"; sourceTree = "<group>"; };
/* End PBXFileReference section */

/* Begin PBXFrameworksBuildPhase section */
		E2E0EE591BBC063900D64695 /* Frameworks */ = {
			isa = PBXFrameworksBuildPhase;
			buildActionMask = 2147483647;
			files = (
			);
			runOnlyForDeploymentPostprocessing = 0;
		};
/* End PBXFrameworksBuildPhase section */

/* Begin PBXGroup section */
		E2E0EE531BBC063900D64695 = {
			isa = PBXGroup;
			children = (
				E2E0EE5E1BBC063900D64695 /* Swift2.0 - QuickLookPreviewController */,
				E2E0EE5D1BBC063900D64695 /* Products */,
			);
			sourceTree = "<group>";
		};
		E2E0EE5D1BBC063900D64695 /* Products */ = {
			isa = PBXGroup;
			children = (
				E2E0EE5C1BBC063900D64695 /* Swift2.0 - QuickLookPreviewController.app */,
			);
			name = Products;
			sourceTree = "<group>";
		};
		E2E0EE5E1BBC063900D64695 /* Swift2.0 - QuickLookPreviewController */ = {
			isa = PBXGroup;
			children = (
				E2E0EE5F1BBC063900D64695 /* AppDelegate.swift */,
				E2E0EE611BBC063900D64695 /* ViewController.swift */,
				E2E0EE631BBC063900D64695 /* Main.storyboard */,
				E2E0EE661BBC063900D64695 /* Assets.xcassets */,
				E2E0EE681BBC063900D64695 /* LaunchScreen.storyboard */,
				E2E0EE6B1BBC063900D64695 /* Info.plist */,
				E2E0EE711BBC098900D64695 /* Vea Software.docx */,
				E2E0EE721BBC098900D64695 /* Vea Software.png */,
			);
			path = "Swift2.0 - QuickLookPreviewController";
			sourceTree = "<group>";
		};
/* End PBXGroup section */

/* Begin PBXNativeTarget section */
		E2E0EE5B1BBC063900D64695 /* Swift2.0 - QuickLookPreviewController */ = {
			isa = PBXNativeTarget;
			buildConfigurationList = E2E0EE6E1BBC063900D64695 /* Build configuration list for PBXNativeTarget "Swift2.0 - QuickLookPreviewController" */;
			buildPhases = (
				E2E0EE581BBC063900D64695 /* Sources */,
				E2E0EE591BBC063900D64695 /* Frameworks */,
				E2E0EE5A1BBC063900D64695 /* Resources */,
			);
			buildRules = (
			);
			dependencies = (
			);
			name = "Swift2.0 - QuickLookPreviewController";
			productName = "Swift2.0 - QuickLookPreviewController";
			productReference = E2E0EE5C1BBC063900D64695 /* Swift2.0 - QuickLookPreviewController.app */;
			productType = "com.apple.product-type.application";
		};
/* End PBXNativeTarget section */

/* Begin PBXProject section */
		E2E0EE541BBC063900D64695 /* Project object */ = {
			isa = PBXProject;
			attributes = {
				LastUpgradeCheck = 0700;
				ORGANIZATIONNAME = "Elijah Buters";
				TargetAttributes = {
					E2E0EE5B1BBC063900D64695 = {
						CreatedOnToolsVersion = 7.0.1;
					};
				};
			};
			buildConfigurationList = E2E0EE571BBC063900D64695 /* Build configuration list for PBXProject "Swift2.0 - QuickLookPreviewController" */;
			compatibilityVersion = "Xcode 3.2";
			developmentRegion = English;
			hasScannedForEncodings = 0;
			knownRegions = (
				en,
				Base,
			);
			mainGroup = E2E0EE531BBC063900D64695;
			productRefGroup = E2E0EE5D1BBC063900D64695 /* Products */;
			projectDirPath = "";
			projectRoot = "";
			targets = (
				E2E0EE5B1BBC063900D64695 /* Swift2.0 - QuickLookPreviewController */,
			);
		};
/* End PBXProject section */

/* Begin PBXResourcesBuildPhase section */
		E2E0EE5A1BBC063900D64695 /* Resources */ = {
			isa = PBXResourcesBuildPhase;
			buildActionMask = 2147483647;
			files = (
				E2E0EE731BBC098900D64695 /* Vea Software.docx in Resources */,
				E2E0EE6A1BBC063900D64695 /* LaunchScreen.storyboard in Resources */,
				E2E0EE741BBC098900D64695 /* Vea Software.png in Resources */,
				E2E0EE671BBC063900D64695 /* Assets.xcassets in Resources */,
				E2E0EE651BBC063900D64695 /* Main.storyboard in Resources */,
			);
			runOnlyForDeploymentPostprocessing = 0;
		};
/* End PBXResourcesBuildPhase section */

/* Begin PBXSourcesBuildPhase section */
		E2E0EE581BBC063900D64695 /* Sources */ = {
			isa = PBXSourcesBuildPhase;
			buildActionMask = 2147483647;
			files = (
				E2E0EE621BBC063900D64695 /* ViewController.swift in Sources */,
				E2E0EE601BBC063900D64695 /* AppDelegate.swift in Sources */,
			);
			runOnlyForDeploymentPostprocessing = 0;
		};
/* End PBXSourcesBuildPhase section */

/* Begin PBXVariantGroup section */
		E2E0EE631BBC063900D64695 /* Main.storyboard */ = {
			isa = PBXVariantGroup;
			children = (
				E2E0EE641BBC063900D64695 /* Base */,
			);
			name = Main.storyboard;
			sourceTree = "<group>";
		};
		E2E0EE681BBC063900D64695 /* LaunchScreen.storyboard */ = {
			isa = PBXVariantGroup;
			children = (
				E2E0EE691BBC063900D64695 /* Base */,
			);
			name = LaunchScreen.storyboard;
			sourceTree = "<group>";
		};
/* End PBXVariantGroup section */

/* Begin XCBuildConfiguration section */
		E2E0EE6C1BBC063900D64695 /* Debug */ = {
			isa = XCBuildConfiguration;
			buildSettings = {
				ALWAYS_SEARCH_USER_PATHS = NO;
				CLANG_CXX_LANGUAGE_STANDARD = "gnu++0x";
				CLANG_CXX_LIBRARY = "libc++";
				CLANG_ENABLE_MODULES = YES;
				CLANG_ENABLE_OBJC_ARC = YES;
				CLANG_WARN_BOOL_CONVERSION = YES;
				CLANG_WARN_CONSTANT_CONVERSION = YES;
				CLANG_WARN_DIRECT_OBJC_ISA_USAGE = YES_ERROR;
				CLANG_WARN_EMPTY_BODY = YES;
				CLANG_WARN_ENUM_CONVERSION = YES;
				CLANG_WARN_INT_CONVERSION = YES;
				CLANG_WARN_OBJC_ROOT_CLASS = YES_ERROR;
				CLANG_WARN_UNREACHABLE_CODE = YES;
				CLANG_WARN__DUPLICATE_METHOD_MATCH = YES;
				"CODE_SIGN_IDENTITY[sdk=iphoneos*]" = "iPhone Developer";
				COPY_PHASE_STRIP = NO;
				DEBUG_INFORMATION_FORMAT = dwarf;
				ENABLE_STRICT_OBJC_MSGSEND = YES;
				ENABLE_TESTABILITY = YES;
				GCC_C_LANGUAGE_STANDARD = gnu99;
				GCC_DYNAMIC_NO_PIC = NO;
				GCC_NO_COMMON_BLOCKS = YES;
				GCC_OPTIMIZATION_LEVEL = 0;
				GCC_PREPROCESSOR_DEFINITIONS = (
					"DEBUG=1",
					"$(inherited)",
				);
				GCC_WARN_64_TO_32_BIT_CONVERSION = YES;
				GCC_WARN_ABOUT_RETURN_TYPE = YES_ERROR;
				GCC_WARN_UNDECLARED_SELECTOR = YES;
				GCC_WARN_UNINITIALIZED_AUTOS = YES_AGGRESSIVE;
				GCC_WARN_UNUSED_FUNCTION = YES;
				GCC_WARN_UNUSED_VARIABLE = YES;
				IPHONEOS_DEPLOYMENT_TARGET = 9.0;
				MTL_ENABLE_DEBUG_INFO = YES;
				ONLY_ACTIVE_ARCH = YES;
				SDKROOT = iphoneos;
				SWIFT_OPTIMIZATION_LEVEL = "-Onone";
				TARGETED_DEVICE_FAMILY = "1,2";
			};
			name = Debug;
		};
		E2E0EE6D1BBC063900D64695 /* Release */ = {
			isa = XCBuildConfiguration;
			buildSettings = {
				ALWAYS_SEARCH_USER_PATHS = NO;
				CLANG_CXX_LANGUAGE_STANDARD = "gnu++0x";
				CLANG_CXX_LIBRARY = "libc++";
				CLANG_ENABLE_MODULES = YES;
				CLANG_ENABLE_OBJC_ARC = YES;
				CLANG_WARN_BOOL_CONVERSION = YES;
				CLANG_WARN_CONSTANT_CONVERSION = YES;
				CLANG_WARN_DIRECT_OBJC_ISA_USAGE = YES_ERROR;
				CLANG_WARN_EMPTY_BODY = YES;
				CLANG_WARN_ENUM_CONVERSION = YES;
				CLANG_WARN_INT_CONVERSION = YES;
				CLANG_WARN_OBJC_ROOT_CLASS = YES_ERROR;
				CLANG_WARN_UNREACHABLE_CODE = YES;
				CLANG_WARN__DUPLICATE_METHOD_MATCH = YES;
				"CODE_SIGN_IDENTITY[sdk=iphoneos*]" = "iPhone Developer";
				COPY_PHASE_STRIP = NO;
				DEBUG_INFORMATION_FORMAT = "dwarf-with-dsym";
				ENABLE_NS_ASSERTIONS = NO;
				ENABLE_STRICT_OBJC_MSGSEND = YES;
				GCC_C_LANGUAGE_STANDARD = gnu99;
				GCC_NO_COMMON_BLOCKS = YES;
				GCC_WARN_64_TO_32_BIT_CONVERSION = YES;
				GCC_WARN_ABOUT_RETURN_TYPE = YES_ERROR;
				GCC_WARN_UNDECLARED_SELECTOR = YES;
				GCC_WARN_UNINITIALIZED_AUTOS = YES_AGGRESSIVE;
				GCC_WARN_UNUSED_FUNCTION = YES;
				GCC_WARN_UNUSED_VARIABLE = YES;
				IPHONEOS_DEPLOYMENT_TARGET = 9.0;
				MTL_ENABLE_DEBUG_INFO = NO;
				SDKROOT = iphoneos;
				TARGETED_DEVICE_FAMILY = "1,2";
				VALIDATE_PRODUCT = YES;
			};
			name = Release;
		};
		E2E0EE6F1BBC063900D64695 /* Debug */ = {
			isa = XCBuildConfiguration;
			buildSettings = {
				ASSETCATALOG_COMPILER_APPICON_NAME = AppIcon;
				INFOPLIST_FILE = "Swift2.0 - QuickLookPreviewController/Info.plist";
				LD_RUNPATH_SEARCH_PATHS = "$(inherited) @executable_path/Frameworks";
				PRODUCT_BUNDLE_IDENTIFIER = "Macintosh.Swift2-0---QuickLookPreviewController";
				PRODUCT_NAME = "$(TARGET_NAME)";
			};
			name = Debug;
		};
		E2E0EE701BBC063900D64695 /* Release */ = {
			isa = XCBuildConfiguration;
			buildSettings = {
				ASSETCATALOG_COMPILER_APPICON_NAME = AppIcon;
				INFOPLIST_FILE = "Swift2.0 - QuickLookPreviewController/Info.plist";
				LD_RUNPATH_SEARCH_PATHS = "$(inherited) @executable_path/Frameworks";
				PRODUCT_BUNDLE_IDENTIFIER = "Macintosh.Swift2-0---QuickLookPreviewController";
				PRODUCT_NAME = "$(TARGET_NAME)";
			};
			name = Release;
		};
/* End XCBuildConfiguration section */

/* Begin XCConfigurationList section */
		E2E0EE571BBC063900D64695 /* Build configuration list for PBXProject "Swift2.0 - QuickLookPreviewController" */ = {
			isa = XCConfigurationList;
			buildConfigurations = (
				E2E0EE6C1BBC063900D64695 /* Debug */,
				E2E0EE6D1BBC063900D64695 /* Release */,
			);
			defaultConfigurationIsVisible = 0;
			defaultConfigurationName = Release;
		};
		E2E0EE6E1BBC063900D64695 /* Build configuration list for PBXNativeTarget "Swift2.0 - QuickLookPreviewController" */ = {
			isa = XCConfigurationList;
			buildConfigurations = (
				E2E0EE6F1BBC063900D64695 /* Debug */,
				E2E0EE701BBC063900D64695 /* Release */,
			);
			defaultConfigurationIsVisible = 0;
		};
/* End XCConfigurationList section */
	};
	rootObject = E2E0EE541BBC063900D64695 /* Project object */;
}
